
Microsoft Visual Studio Solution File, Format Version 12.00
# Visual Studio Version 17
VisualStudioVersion = 17.11.35431.28
MinimumVisualStudioVersion = 10.0.40219.1
Project("{FAE04EC0-301F-11D3-BF4B-00C04F79EFBC}") = "WebApplication1", "WebApplication1\WebApplication1.csproj", "{E5940B43-EA76-46A4-A28E-4E02C726765E}"
EndProject
Global
	GlobalSection(SolutionConfigurationPlatforms) = preSolution
		Debug|Any CPU = Debug|Any CPU
		Release|Any CPU = Release|Any CPU
	EndGlobalSection
	GlobalSection(ProjectConfigurationPlatforms) = postSolution
		{E5940B43-EA76-46A4-A28E-4E02C726765E}.Debug|Any CPU.ActiveCfg = Debug|Any CPU
		{E5940B43-EA76-46A4-A28E-4E02C726765E}.Debug|Any CPU.Build.0 = Debug|Any CPU
		{E5940B43-EA76-46A4-A28E-4E02C726765E}.Release|Any CPU.ActiveCfg = Release|Any CPU
		{E5940B43-EA76-46A4-A28E-4E02C726765E}.Release|Any CPU.Build.0 = Release|Any CPU
	EndGlobalSection
	GlobalSection(SolutionProperties) = preSolution
		HideSolutionNode = FALSE
	EndGlobalSection
	GlobalSection(ExtensibilityGlobals) = postSolution
		SolutionGuid = {F45FD582-C8DC-4E93-A1FA-4C8940C2D11C}
	EndGlobalSection
EndGlobal
